
Microsoft Visual Studio Solution File, Format Version 12.00
# Visual Studio Version 16
VisualStudioVersion = 16.0.31624.102
MinimumVisualStudioVersion = 10.0.40219.1
Project("{9A19103F-16F7-4668-BE54-9A1E7A4F7556}") = "LargeFileRead_wpf", "LargeFileRead_wpf\LargeFileRead_wpf.csproj", "{8E5B1D89-11C6-41A4-B88E-9A00560F4603}"
EndProject
Project("{FAE04EC0-301F-11D3-BF4B-00C04F79EFBC}") = "core", "core\core.csproj", "{DCC29024-6007-40D6-9D4A-7929B6AF87DF}"
EndProject
Project("{FAE04EC0-301F-11D3-BF4B-00C04F79EFBC}") = "TestCore", "TestCore\TestCore.csproj", "{D2E72F18-6121-4E17-9535-590B1D6A2732}"
EndProject
Global
	GlobalSection(SolutionConfigurationPlatforms) = preSolution
		Debug|Any CPU = Debug|Any CPU
		Release|Any CPU = Release|Any CPU
	EndGlobalSection
	GlobalSection(ProjectConfigurationPlatforms) = postSolution
		{8E5B1D89-11C6-41A4-B88E-9A00560F4603}.Debug|Any CPU.ActiveCfg = Debug|Any CPU
		{8E5B1D89-11C6-41A4-B88E-9A00560F4603}.Debug|Any CPU.Build.0 = Debug|Any CPU
		{8E5B1D89-11C6-41A4-B88E-9A00560F4603}.Release|Any CPU.ActiveCfg = Release|Any CPU
		{8E5B1D89-11C6-41A4-B88E-9A00560F4603}.Release|Any CPU.Build.0 = Release|Any CPU
		{DCC29024-6007-40D6-9D4A-7929B6AF87DF}.Debug|Any CPU.ActiveCfg = Debug|Any CPU
		{DCC29024-6007-40D6-9D4A-7929B6AF87DF}.Debug|Any CPU.Build.0 = Debug|Any CPU
		{DCC29024-6007-40D6-9D4A-7929B6AF87DF}.Release|Any CPU.ActiveCfg = Release|Any CPU
		{DCC29024-6007-40D6-9D4A-7929B6AF87DF}.Release|Any CPU.Build.0 = Release|Any CPU
		{D2E72F18-6121-4E17-9535-590B1D6A2732}.Debug|Any CPU.ActiveCfg = Debug|Any CPU
		{D2E72F18-6121-4E17-9535-590B1D6A2732}.Debug|Any CPU.Build.0 = Debug|Any CPU
		{D2E72F18-6121-4E17-9535-590B1D6A2732}.Release|Any CPU.ActiveCfg = Release|Any CPU
		{D2E72F18-6121-4E17-9535-590B1D6A2732}.Release|Any CPU.Build.0 = Release|Any CPU
	EndGlobalSection
	GlobalSection(SolutionProperties) = preSolution
		HideSolutionNode = FALSE
	EndGlobalSection
	GlobalSection(ExtensibilityGlobals) = postSolution
		SolutionGuid = {FFCDC11A-6286-47E9-A4E7-8E6E4558D769}
	EndGlobalSection
EndGlobal
